
Microsoft Visual Studio Solution File, Format Version 12.00
# Visual Studio Version 18
VisualStudioVersion = 18.4.11605.240 stable
MinimumVisualStudioVersion = 10.0.40219.1
Project("{FAE04EC0-301F-11D3-BF4B-00C04F79EFBC}") = "MinecraftSshClient", "MinecraftSshClient.csproj", "{62ADF59A-4774-A90E-9FB8-700A11F77B32}"
EndProject
Global
	GlobalSection(SolutionConfigurationPlatforms) = preSolution
		Debug|Any CPU = Debug|Any CPU
		Release|Any CPU = Release|Any CPU
	EndGlobalSection
	GlobalSection(ProjectConfigurationPlatforms) = postSolution
		{62ADF59A-4774-A90E-9FB8-700A11F77B32}.Debug|Any CPU.ActiveCfg = Debug|Any CPU
		{62ADF59A-4774-A90E-9FB8-700A11F77B32}.Debug|Any CPU.Build.0 = Debug|Any CPU
		{62ADF59A-4774-A90E-9FB8-700A11F77B32}.Release|Any CPU.ActiveCfg = Release|Any CPU
		{62ADF59A-4774-A90E-9FB8-700A11F77B32}.Release|Any CPU.Build.0 = Release|Any CPU
	EndGlobalSection
	GlobalSection(SolutionProperties) = preSolution
		HideSolutionNode = FALSE
	EndGlobalSection
	GlobalSection(ExtensibilityGlobals) = postSolution
		SolutionGuid = {54E0BBC5-5560-431F-A46A-A63E43645DE8}
	EndGlobalSection
EndGlobal
